
Microsoft Visual Studio Solution File, Format Version 12.00
# Visual Studio Version 16
VisualStudioVersion = 16.0.30804.86
MinimumVisualStudioVersion = 10.0.40219.1
Project("{888888A0-9F3D-457C-B088-3A5042F75D52}") = "FlagBitwiseLab-ForStudents", "FlagBitwiseLab-ForStudents\FlagBitwiseLab-ForStudents.pyproj", "{BA0460EE-18AC-49C6-B5B3-66D4E206E95A}"
EndProject
Global
	GlobalSection(SolutionConfigurationPlatforms) = preSolution
		Debug|Any CPU = Debug|Any CPU
		Release|Any CPU = Release|Any CPU
	EndGlobalSection
	GlobalSection(ProjectConfigurationPlatforms) = postSolution
		{BA0460EE-18AC-49C6-B5B3-66D4E206E95A}.Debug|Any CPU.ActiveCfg = Debug|Any CPU
		{BA0460EE-18AC-49C6-B5B3-66D4E206E95A}.Release|Any CPU.ActiveCfg = Release|Any CPU
	EndGlobalSection
	GlobalSection(SolutionProperties) = preSolution
		HideSolutionNode = FALSE
	EndGlobalSection
	GlobalSection(ExtensibilityGlobals) = postSolution
		SolutionGuid = {E51ABB99-929C-406D-99AD-67092A60859F}
	EndGlobalSection
EndGlobal
